# This file is generated by running "yarn install" inside your project.
# Manual changes might be lost - proceed with caution!

__metadata:
  version: 8
  cacheKey: 10c0

"@blog/fixtures@workspace:*, @blog/fixtures@workspace:packages/fixtures":
  version: 0.0.0-use.local
  resolution: "@blog/fixtures@workspace:packages/fixtures"
  languageName: unknown
  linkType: soft

"@blog/testing@workspace:packages/testing":
  version: 0.0.0-use.local
  resolution: "@blog/testing@workspace:packages/testing"
  dependencies:
    "@blog/fixtures": "workspace:*"
  peerDependencies:
    vitest: "*"
  languageName: unknown
  linkType: soft

"blog-divops-kr@workspace:.":
  version: 0.0.0-use.local
  resolution: "blog-divops-kr@workspace:."
  languageName: unknown
  linkType: soft
